// !$*UTF8*$!
{
	archiveVersion = 1;
	classes = {
	};
	objectVersion = 55;
	objects = {

/* Begin PBXBuildFile section */
		C63788F028C5DCDB009E9095 /* MySecondAppApp.swift in Sources */ = {isa = PBXBuildFile; fileRef = C63788EF28C5DCDB009E9095 /* MySecondAppApp.swift */; };
		C63788F228C5DCDB009E9095 /* ContentView.swift in Sources */ = {isa = PBXBuildFile; fileRef = C63788F128C5DCDB009E9095 /* ContentView.swift */; };
		C63788F428C5DCDC009E9095 /* Assets.xcassets in Resources */ = {isa = PBXBuildFile; fileRef = C63788F328C5DCDC009E9095 /* Assets.xcassets */; };
		C63788F728C5DCDC009E9095 /* Preview Assets.xcassets in Resources */ = {isa = PBXBuildFile; fileRef = C63788F628C5DCDC009E9095 /* Preview Assets.xcassets */; };
		C637890128C5DCDD009E9095 /* MySecondAppTests.swift in Sources */ = {isa = PBXBuildFile; fileRef = C637890028C5DCDD009E9095 /* MySecondAppTests.swift */; };
		C637890B28C5DCDD009E9095 /* MySecondAppUITests.swift in Sources */ = {isa = PBXBuildFile; fileRef = C637890A28C5DCDD009E9095 /* MySecondAppUITests.swift */; };
		C637890D28C5DCDD009E9095 /* MySecondAppUITestsLaunchTests.swift in Sources */ = {isa = PBXBuildFile; fileRef = C637890C28C5DCDD009E9095 /* MySecondAppUITestsLaunchTests.swift */; };
/* End PBXBuildFile section */

/* Begin PBXContainerItemProxy section */
		C63788FD28C5DCDD009E9095 /* PBXContainerItemProxy */ = {
			isa = PBXContainerItemProxy;
			containerPortal = C63788E428C5DCDB009E9095 /* Project object */;
			proxyType = 1;
			remoteGlobalIDString = C63788EB28C5DCDB009E9095;
			remoteInfo = MySecondApp;
		};
		C637890728C5DCDD009E9095 /* PBXContainerItemProxy */ = {
			isa = PBXContainerItemProxy;
			containerPortal = C63788E428C5DCDB009E9095 /* Project object */;
			proxyType = 1;
			remoteGlobalIDString = C63788EB28C5DCDB009E9095;
			remoteInfo = MySecondApp;
		};
/* End PBXContainerItemProxy section */

/* Begin PBXFileReference section */
		C63788EC28C5DCDB009E9095 /* MySecondApp.app */ = {isa = PBXFileReference; explicitFileType = wrapper.application; includeInIndex = 0; path = MySecondApp.app; sourceTree = BUILT_PRODUCTS_DIR; };
		C63788EF28C5DCDB009E9095 /* MySecondAppApp.swift */ = {isa = PBXFileReference; lastKnownFileType = sourcecode.swift; path = MySecondAppApp.swift; sourceTree = "<group>"; };
		C63788F128C5DCDB009E9095 /* ContentView.swift */ = {isa = PBXFileReference; lastKnownFileType = sourcecode.swift; path = ContentView.swift; sourceTree = "<group>"; };
		C63788F328C5DCDC009E9095 /* Assets.xcassets */ = {isa = PBXFileReference; lastKnownFileType = folder.assetcatalog; path = Assets.xcassets; sourceTree = "<group>"; };
		C63788F628C5DCDC009E9095 /* Preview Assets.xcassets */ = {isa = PBXFileReference; lastKnownFileType = folder.assetcatalog; path = "Preview Assets.xcassets"; sourceTree = "<group>"; };
		C63788FC28C5DCDD009E9095 /* MySecondAppTests.xctest */ = {isa = PBXFileReference; explicitFileType = wrapper.cfbundle; includeInIndex = 0; path = MySecondAppTests.xctest; sourceTree = BUILT_PRODUCTS_DIR; };
		C637890028C5DCDD009E9095 /* MySecondAppTests.swift */ = {isa = PBXFileReference; lastKnownFileType = sourcecode.swift; path = MySecondAppTests.swift; sourceTree = "<group>"; };
		C637890628C5DCDD009E9095 /* MySecondAppUITests.xctest */ = {isa = PBXFileReference; explicitFileType = wrapper.cfbundle; includeInIndex = 0; path = MySecondAppUITests.xctest; sourceTree = BUILT_PRODUCTS_DIR; };
		C637890A28C5DCDD009E9095 /* MySecondAppUITests.swift */ = {isa = PBXFileReference; lastKnownFileType = sourcecode.swift; path = MySecondAppUITests.swift; sourceTree = "<group>"; };
		C637890C28C5DCDD009E9095 /* MySecondAppUITestsLaunchTests.swift */ = {isa = PBXFileReference; lastKnownFileType = sourcecode.swift; path = MySecondAppUITestsLaunchTests.swift; sourceTree = "<group>"; };
/* End PBXFileReference section */

/* Begin PBXFrameworksBuildPhase section */
		C63788E928C5DCDB009E9095 /* Frameworks */ = {
			isa = PBXFrameworksBuildPhase;
			buildActionMask = 2147483647;
			files = (
			);
			runOnlyForDeploymentPostprocessing = 0;
		};
		C63788F928C5DCDD009E9095 /* Frameworks */ = {
			isa = PBXFrameworksBuildPhase;
			buildActionMask = 2147483647;
			files = (
			);
			runOnlyForDeploymentPostprocessing = 0;
		};
		C637890328C5DCDD009E9095 /* Frameworks */ = {
			isa = PBXFrameworksBuildPhase;
			buildActionMask = 2147483647;
			files = (
			);
			runOnlyForDeploymentPostprocessing = 0;
		};
/* End PBXFrameworksBuildPhase section */

/* Begin PBXGroup section */
		C63788E328C5DCDB009E9095 = {
			isa = PBXGroup;
			children = (
				C63788EE28C5DCDB009E9095 /* MySecondApp */,
				C63788FF28C5DCDD009E9095 /* MySecondAppTests */,
				C637890928C5DCDD009E9095 /* MySecondAppUITests */,
				C63788ED28C5DCDB009E9095 /* Products */,
			);
			sourceTree = "<group>";
		};
		C63788ED28C5DCDB009E9095 /* Products */ = {
			isa = PBXGroup;
			children = (
				C63788EC28C5DCDB009E9095 /* MySecondApp.app */,
				C63788FC28C5DCDD009E9095 /* MySecondAppTests.xctest */,
				C637890628C5DCDD009E9095 /* MySecondAppUITests.xctest */,
			);
			name = Products;
			sourceTree = "<group>";
		};
		C63788EE28C5DCDB009E9095 /* MySecondApp */ = {
			isa = PBXGroup;
			children = (
				C63788EF28C5DCDB009E9095 /* MySecondAppApp.swift */,
				C63788F128C5DCDB009E9095 /* ContentView.swift */,
				C63788F328C5DCDC009E9095 /* Assets.xcassets */,
				C63788F528C5DCDC009E9095 /* Preview Content */,
			);
			path = MySecondApp;
			sourceTree = "<group>";
		};
		C63788F528C5DCDC009E9095 /* Preview Content */ = {
			isa = PBXGroup;
			children = (
				C63788F628C5DCDC009E9095 /* Preview Assets.xcassets */,
			);
			path = "Preview Content";
			sourceTree = "<group>";
		};
		C63788FF28C5DCDD009E9095 /* MySecondAppTests */ = {
			isa = PBXGroup;
			children = (
				C637890028C5DCDD009E9095 /* MySecondAppTests.swift */,
			);
			path = MySecondAppTests;
			sourceTree = "<group>";
		};
		C637890928C5DCDD009E9095 /* MySecondAppUITests */ = {
			isa = PBXGroup;
			children = (
				C637890A28C5DCDD009E9095 /* MySecondAppUITests.swift */,
				C637890C28C5DCDD009E9095 /* MySecondAppUITestsLaunchTests.swift */,
			);
			path = MySecondAppUITests;
			sourceTree = "<group>";
		};
/* End PBXGroup section */

/* Begin PBXNativeTarget section */
		C63788EB28C5DCDB009E9095 /* MySecondApp */ = {
			isa = PBXNativeTarget;
			buildConfigurationList = C637891028C5DCDD009E9095 /* Build configuration list for PBXNativeTarget "MySecondApp" */;
			buildPhases = (
				C63788E828C5DCDB009E9095 /* Sources */,
				C63788E928C5DCDB009E9095 /* Frameworks */,
				C63788EA28C5DCDB009E9095 /* Resources */,
			);
			buildRules = (
			);
			dependencies = (
			);
			name = MySecondApp;
			productName = MySecondApp;
			productReference = C63788EC28C5DCDB009E9095 /* MySecondApp.app */;
			productType = "com.apple.product-type.application";
		};
		C63788FB28C5DCDD009E9095 /* MySecondAppTests */ = {
			isa = PBXNativeTarget;
			buildConfigurationList = C637891328C5DCDD009E9095 /* Build configuration list for PBXNativeTarget "MySecondAppTests" */;
			buildPhases = (
				C63788F828C5DCDD009E9095 /* Sources */,
				C63788F928C5DCDD009E9095 /* Frameworks */,
				C63788FA28C5DCDD009E9095 /* Resources */,
			);
			buildRules = (
			);
			dependencies = (
				C63788FE28C5DCDD009E9095 /* PBXTargetDependency */,
			);
			name = MySecondAppTests;
			productName = MySecondAppTests;
			productReference = C63788FC28C5DCDD009E9095 /* MySecondAppTests.xctest */;
			productType = "com.apple.product-type.bundle.unit-test";
		};
		C637890528C5DCDD009E9095 /* MySecondAppUITests */ = {
			isa = PBXNativeTarget;
			buildConfigurationList = C637891628C5DCDD009E9095 /* Build configuration list for PBXNativeTarget "MySecondAppUITests" */;
			buildPhases = (
				C637890228C5DCDD009E9095 /* Sources */,
				C637890328C5DCDD009E9095 /* Frameworks */,
				C637890428C5DCDD009E9095 /* Resources */,
			);
			buildRules = (
			);
			dependencies = (
				C637890828C5DCDD009E9095 /* PBXTargetDependency */,
			);
			name = MySecondAppUITests;
			productName = MySecondAppUITests;
			productReference = C637890628C5DCDD009E9095 /* MySecondAppUITests.xctest */;
			productType = "com.apple.product-type.bundle.ui-testing";
		};
/* End PBXNativeTarget section */

/* Begin PBXProject section */
		C63788E428C5DCDB009E9095 /* Project object */ = {
			isa = PBXProject;
			attributes = {
				BuildIndependentTargetsInParallel = 1;
				LastSwiftUpdateCheck = 1340;
				LastUpgradeCheck = 1340;
				TargetAttributes = {
					C63788EB28C5DCDB009E9095 = {
						CreatedOnToolsVersion = 13.4.1;
					};
					C63788FB28C5DCDD009E9095 = {
						CreatedOnToolsVersion = 13.4.1;
						TestTargetID = C63788EB28C5DCDB009E9095;
					};
					C637890528C5DCDD009E9095 = {
						CreatedOnToolsVersion = 13.4.1;
						TestTargetID = C63788EB28C5DCDB009E9095;
					};
				};
			};
			buildConfigurationList = C63788E728C5DCDB009E9095 /* Build configuration list for PBXProject "MySecondApp" */;
			compatibilityVersion = "Xcode 13.0";
			developmentRegion = en;
			hasScannedForEncodings = 0;
			knownRegions = (
				en,
				Base,
			);
			mainGroup = C63788E328C5DCDB009E9095;
			productRefGroup = C63788ED28C5DCDB009E9095 /* Products */;
			projectDirPath = "";
			projectRoot = "";
			targets = (
				C63788EB28C5DCDB009E9095 /* MySecondApp */,
				C63788FB28C5DCDD009E9095 /* MySecondAppTests */,
				C637890528C5DCDD009E9095 /* MySecondAppUITests */,
			);
		};
/* End PBXProject section */

/* Begin PBXResourcesBuildPhase section */
		C63788EA28C5DCDB009E9095 /* Resources */ = {
			isa = PBXResourcesBuildPhase;
			buildActionMask = 2147483647;
			files = (
				C63788F728C5DCDC009E9095 /* Preview Assets.xcassets in Resources */,
				C63788F428C5DCDC009E9095 /* Assets.xcassets in Resources */,
			);
			runOnlyForDeploymentPostprocessing = 0;
		};
		C63788FA28C5DCDD009E9095 /* Resources */ = {
			isa = PBXResourcesBuildPhase;
			buildActionMask = 2147483647;
			files = (
			);
			runOnlyForDeploymentPostprocessing = 0;
		};
		C637890428C5DCDD009E9095 /* Resources */ = {
			isa = PBXResourcesBuildPhase;
			buildActionMask = 2147483647;
			files = (
			);
			runOnlyForDeploymentPostprocessing = 0;
		};
/* End PBXResourcesBuildPhase section */

/* Begin PBXSourcesBuildPhase section */
		C63788E828C5DCDB009E9095 /* Sources */ = {
			isa = PBXSourcesBuildPhase;
			buildActionMask = 2147483647;
			files = (
				C63788F228C5DCDB009E9095 /* ContentView.swift in Sources */,
				C63788F028C5DCDB009E9095 /* MySecondAppApp.swift in Sources */,
			);
			runOnlyForDeploymentPostprocessing = 0;
		};
		C63788F828C5DCDD009E9095 /* Sources */ = {
			isa = PBXSourcesBuildPhase;
			buildActionMask = 2147483647;
			files = (
				C637890128C5DCDD009E9095 /* MySecondAppTests.swift in Sources */,
			);
			runOnlyForDeploymentPostprocessing = 0;
		};
		C637890228C5DCDD009E9095 /* Sources */ = {
			isa = PBXSourcesBuildPhase;
			buildActionMask = 2147483647;
			files = (
				C637890D28C5DCDD009E9095 /* MySecondAppUITestsLaunchTests.swift in Sources */,
				C637890B28C5DCDD009E9095 /* MySecondAppUITests.swift in Sources */,
			);
			runOnlyForDeploymentPostprocessing = 0;
		};
/* End PBXSourcesBuildPhase section */

/* Begin PBXTargetDependency section */
		C63788FE28C5DCDD009E9095 /* PBXTargetDependency */ = {
			isa = PBXTargetDependency;
			target = C63788EB28C5DCDB009E9095 /* MySecondApp */;
			targetProxy = C63788FD28C5DCDD009E9095 /* PBXContainerItemProxy */;
		};
		C637890828C5DCDD009E9095 /* PBXTargetDependency */ = {
			isa = PBXTargetDependency;
			target = C63788EB28C5DCDB009E9095 /* MySecondApp */;
			targetProxy = C637890728C5DCDD009E9095 /* PBXContainerItemProxy */;
		};
/* End PBXTargetDependency section */

/* Begin XCBuildConfiguration section */
		C637890E28C5DCDD009E9095 /* Debug */ = {
			isa = XCBuildConfiguration;
			buildSettings = {
				ALWAYS_SEARCH_USER_PATHS = NO;
				CLANG_ANALYZER_NONNULL = YES;
				CLANG_ANALYZER_NUMBER_OBJECT_CONVERSION = YES_AGGRESSIVE;
				CLANG_CXX_LANGUAGE_STANDARD = "gnu++17";
				CLANG_ENABLE_MODULES = YES;
				CLANG_ENABLE_OBJC_ARC = YES;
				CLANG_ENABLE_OBJC_WEAK = YES;
				CLANG_WARN_BLOCK_CAPTURE_AUTORELEASING = YES;
				CLANG_WARN_BOOL_CONVERSION = YES;
				CLANG_WARN_COMMA = YES;
				CLANG_WARN_CONSTANT_CONVERSION = YES;
				CLANG_WARN_DEPRECATED_OBJC_IMPLEMENTATIONS = YES;
				CLANG_WARN_DIRECT_OBJC_ISA_USAGE = YES_ERROR;
				CLANG_WARN_DOCUMENTATION_COMMENTS = YES;
				CLANG_WARN_EMPTY_BODY = YES;
				CLANG_WARN_ENUM_CONVERSION = YES;
				CLANG_WARN_INFINITE_RECURSION = YES;
				CLANG_WARN_INT_CONVERSION = YES;
				CLANG_WARN_NON_LITERAL_NULL_CONVERSION = YES;
				CLANG_WARN_OBJC_IMPLICIT_RETAIN_SELF = YES;
				CLANG_WARN_OBJC_LITERAL_CONVERSION = YES;
				CLANG_WARN_OBJC_ROOT_CLASS = YES_ERROR;
				CLANG_WARN_QUOTED_INCLUDE_IN_FRAMEWORK_HEADER = YES;
				CLANG_WARN_RANGE_LOOP_ANALYSIS = YES;
				CLANG_WARN_STRICT_PROTOTYPES = YES;
				CLANG_WARN_SUSPICIOUS_MOVE = YES;
				CLANG_WARN_UNGUARDED_AVAILABILITY = YES_AGGRESSIVE;
				CLANG_WARN_UNREACHABLE_CODE = YES;
				CLANG_WARN__DUPLICATE_METHOD_MATCH = YES;
				COPY_PHASE_STRIP = NO;
				DEBUG_INFORMATION_FORMAT = dwarf;
				ENABLE_STRICT_OBJC_MSGSEND = YES;
				ENABLE_TESTABILITY = YES;
				GCC_C_LANGUAGE_STANDARD = gnu11;
				GCC_DYNAMIC_NO_PIC = NO;
				GCC_NO_COMMON_BLOCKS = YES;
				GCC_OPTIMIZATION_LEVEL = 0;
				GCC_PREPROCESSOR_DEFINITIONS = (
					"DEBUG=1",
					"$(inherited)",
				);
				GCC_WARN_64_TO_32_BIT_CONVERSION = YES;
				GCC_WARN_ABOUT_RETURN_TYPE = YES_ERROR;
				GCC_WARN_UNDECLARED_SELECTOR = YES;
				GCC_WARN_UNINITIALIZED_AUTOS = YES_AGGRESSIVE;
				GCC_WARN_UNUSED_FUNCTION = YES;
				GCC_WARN_UNUSED_VARIABLE = YES;
				IPHONEOS_DEPLOYMENT_TARGET = 15.5;
				MTL_ENABLE_DEBUG_INFO = INCLUDE_SOURCE;
				MTL_FAST_MATH = YES;
				ONLY_ACTIVE_ARCH = YES;
				SDKROOT = iphoneos;
				SWIFT_ACTIVE_COMPILATION_CONDITIONS = DEBUG;
				SWIFT_OPTIMIZATION_LEVEL = "-Onone";
			};
			name = Debug;
		};
		C637890F28C5DCDD009E9095 /* Release */ = {
			isa = XCBuildConfiguration;
			buildSettings = {
				ALWAYS_SEARCH_USER_PATHS = NO;
				CLANG_ANALYZER_NONNULL = YES;
				CLANG_ANALYZER_NUMBER_OBJECT_CONVERSION = YES_AGGRESSIVE;
				CLANG_CXX_LANGUAGE_STANDARD = "gnu++17";
				CLANG_ENABLE_MODULES = YES;
				CLANG_ENABLE_OBJC_ARC = YES;
				CLANG_ENABLE_OBJC_WEAK = YES;
				CLANG_WARN_BLOCK_CAPTURE_AUTORELEASING = YES;
				CLANG_WARN_BOOL_CONVERSION = YES;
				CLANG_WARN_COMMA = YES;
				CLANG_WARN_CONSTANT_CONVERSION = YES;
				CLANG_WARN_DEPRECATED_OBJC_IMPLEMENTATIONS = YES;
				CLANG_WARN_DIRECT_OBJC_ISA_USAGE = YES_ERROR;
				CLANG_WARN_DOCUMENTATION_COMMENTS = YES;
				CLANG_WARN_EMPTY_BODY = YES;
				CLANG_WARN_ENUM_CONVERSION = YES;
				CLANG_WARN_INFINITE_RECURSION = YES;
				CLANG_WARN_INT_CONVERSION = YES;
				CLANG_WARN_NON_LITERAL_NULL_CONVERSION = YES;
				CLANG_WARN_OBJC_IMPLICIT_RETAIN_SELF = YES;
				CLANG_WARN_OBJC_LITERAL_CONVERSION = YES;
				CLANG_WARN_OBJC_ROOT_CLASS = YES_ERROR;
				CLANG_WARN_QUOTED_INCLUDE_IN_FRAMEWORK_HEADER = YES;
				CLANG_WARN_RANGE_LOOP_ANALYSIS = YES;
				CLANG_WARN_STRICT_PROTOTYPES = YES;
				CLANG_WARN_SUSPICIOUS_MOVE = YES;
				CLANG_WARN_UNGUARDED_AVAILABILITY = YES_AGGRESSIVE;
				CLANG_WARN_UNREACHABLE_CODE = YES;
				CLANG_WARN__DUPLICATE_METHOD_MATCH = YES;
				COPY_PHASE_STRIP = NO;
				DEBUG_INFORMATION_FORMAT = "dwarf-with-dsym";
				ENABLE_NS_ASSERTIONS = NO;
				ENABLE_STRICT_OBJC_MSGSEND = YES;
				GCC_C_LANGUAGE_STANDARD = gnu11;
				GCC_NO_COMMON_BLOCKS = YES;
				GCC_WARN_64_TO_32_BIT_CONVERSION = YES;
				GCC_WARN_ABOUT_RETURN_TYPE = YES_ERROR;
				GCC_WARN_UNDECLARED_SELECTOR = YES;
				GCC_WARN_UNINITIALIZED_AUTOS = YES_AGGRESSIVE;
				GCC_WARN_UNUSED_FUNCTION = YES;
				GCC_WARN_UNUSED_VARIABLE = YES;
				IPHONEOS_DEPLOYMENT_TARGET = 15.5;
				MTL_ENABLE_DEBUG_INFO = NO;
				MTL_FAST_MATH = YES;
				SDKROOT = iphoneos;
				SWIFT_COMPILATION_MODE = wholemodule;
				SWIFT_OPTIMIZATION_LEVEL = "-O";
				VALIDATE_PRODUCT = YES;
			};
			name = Release;
		};
		C637891128C5DCDD009E9095 /* Debug */ = {
			isa = XCBuildConfiguration;
			buildSettings = {
				ASSETCATALOG_COMPILER_APPICON_NAME = AppIcon;
				ASSETCATALOG_COMPILER_GLOBAL_ACCENT_COLOR_NAME = AccentColor;
				CODE_SIGN_STYLE = Automatic;
				CURRENT_PROJECT_VERSION = 1;
				DEVELOPMENT_ASSET_PATHS = "\"MySecondApp/Preview Content\"";
				DEVELOPMENT_TEAM = 69M4234YMH;
				ENABLE_PREVIEWS = YES;
				GENERATE_INFOPLIST_FILE = YES;
				INFOPLIST_KEY_UIApplicationSceneManifest_Generation = YES;
				INFOPLIST_KEY_UIApplicationSupportsIndirectInputEvents = YES;
				INFOPLIST_KEY_UILaunchScreen_Generation = YES;
				INFOPLIST_KEY_UISupportedInterfaceOrientations_iPad = "UIInterfaceOrientationPortrait UIInterfaceOrientationPortraitUpsideDown UIInterfaceOrientationLandscapeLeft UIInterfaceOrientationLandscapeRight";
				INFOPLIST_KEY_UISupportedInterfaceOrientations_iPhone = "UIInterfaceOrientationPortrait UIInterfaceOrientationLandscapeLeft UIInterfaceOrientationLandscapeRight";
				LD_RUNPATH_SEARCH_PATHS = (
					"$(inherited)",
					"@executable_path/Frameworks",
				);
				MARKETING_VERSION = 1.0;
				PRODUCT_BUNDLE_IDENTIFIER = com.bas.MySecondApp;
				PRODUCT_NAME = "$(TARGET_NAME)";
				SWIFT_EMIT_LOC_STRINGS = YES;
				SWIFT_VERSION = 5.0;
				TARGETED_DEVICE_FAMILY = "1,2";
			};
			name = Debug;
		};
		C637891228C5DCDD009E9095 /* Release */ = {
			isa = XCBuildConfiguration;
			buildSettings = {
				ASSETCATALOG_COMPILER_APPICON_NAME = AppIcon;
				ASSETCATALOG_COMPILER_GLOBAL_ACCENT_COLOR_NAME = AccentColor;
				CODE_SIGN_STYLE = Automatic;
				CURRENT_PROJECT_VERSION = 1;
				DEVELOPMENT_ASSET_PATHS = "\"MySecondApp/Preview Content\"";
				DEVELOPMENT_TEAM = 69M4234YMH;
				ENABLE_PREVIEWS = YES;
				GENERATE_INFOPLIST_FILE = YES;
				INFOPLIST_KEY_UIApplicationSceneManifest_Generation = YES;
				INFOPLIST_KEY_UIApplicationSupportsIndirectInputEvents = YES;
				INFOPLIST_KEY_UILaunchScreen_Generation = YES;
				INFOPLIST_KEY_UISupportedInterfaceOrientations_iPad = "UIInterfaceOrientationPortrait UIInterfaceOrientationPortraitUpsideDown UIInterfaceOrientationLandscapeLeft UIInterfaceOrientationLandscapeRight";
				INFOPLIST_KEY_UISupportedInterfaceOrientations_iPhone = "UIInterfaceOrientationPortrait UIInterfaceOrientationLandscapeLeft UIInterfaceOrientationLandscapeRight";
				LD_RUNPATH_SEARCH_PATHS = (
					"$(inherited)",
					"@executable_path/Frameworks",
				);
				MARKETING_VERSION = 1.0;
				PRODUCT_BUNDLE_IDENTIFIER = com.bas.MySecondApp;
				PRODUCT_NAME = "$(TARGET_NAME)";
				SWIFT_EMIT_LOC_STRINGS = YES;
				SWIFT_VERSION = 5.0;
				TARGETED_DEVICE_FAMILY = "1,2";
			};
			name = Release;
		};
		C637891428C5DCDD009E9095 /* Debug */ = {
			isa = XCBuildConfiguration;
			buildSettings = {
				ALWAYS_EMBED_SWIFT_STANDARD_LIBRARIES = YES;
				BUNDLE_LOADER = "$(TEST_HOST)";
				CODE_SIGN_STYLE = Automatic;
				CURRENT_PROJECT_VERSION = 1;
				DEVELOPMENT_TEAM = 69M4234YMH;
				GENERATE_INFOPLIST_FILE = YES;
				IPHONEOS_DEPLOYMENT_TARGET = 15.5;
				MARKETING_VERSION = 1.0;
				PRODUCT_BUNDLE_IDENTIFIER = com.bas.MySecondAppTests;
				PRODUCT_NAME = "$(TARGET_NAME)";
				SWIFT_EMIT_LOC_STRINGS = NO;
				SWIFT_VERSION = 5.0;
				TARGETED_DEVICE_FAMILY = "1,2";
				TEST_HOST = "$(BUILT_PRODUCTS_DIR)/MySecondApp.app/MySecondApp";
			};
			name = Debug;
		};
		C637891528C5DCDD009E9095 /* Release */ = {
			isa = XCBuildConfiguration;
			buildSettings = {
				ALWAYS_EMBED_SWIFT_STANDARD_LIBRARIES = YES;
				BUNDLE_LOADER = "$(TEST_HOST)";
				CODE_SIGN_STYLE = Automatic;
				CURRENT_PROJECT_VERSION = 1;
				DEVELOPMENT_TEAM = 69M4234YMH;
				GENERATE_INFOPLIST_FILE = YES;
				IPHONEOS_DEPLOYMENT_TARGET = 15.5;
				MARKETING_VERSION = 1.0;
				PRODUCT_BUNDLE_IDENTIFIER = com.bas.MySecondAppTests;
				PRODUCT_NAME = "$(TARGET_NAME)";
				SWIFT_EMIT_LOC_STRINGS = NO;
				SWIFT_VERSION = 5.0;
				TARGETED_DEVICE_FAMILY = "1,2";
				TEST_HOST = "$(BUILT_PRODUCTS_DIR)/MySecondApp.app/MySecondApp";
			};
			name = Release;
		};
		C637891728C5DCDD009E9095 /* Debug */ = {
			isa = XCBuildConfiguration;
			buildSettings = {
				ALWAYS_EMBED_SWIFT_STANDARD_LIBRARIES = YES;
				CODE_SIGN_STYLE = Automatic;
				CURRENT_PROJECT_VERSION = 1;
				DEVELOPMENT_TEAM = 69M4234YMH;
				GENERATE_INFOPLIST_FILE = YES;
				MARKETING_VERSION = 1.0;
				PRODUCT_BUNDLE_IDENTIFIER = com.bas.MySecondAppUITests;
				PRODUCT_NAME = "$(TARGET_NAME)";
				SWIFT_EMIT_LOC_STRINGS = NO;
				SWIFT_VERSION = 5.0;
				TARGETED_DEVICE_FAMILY = "1,2";
				TEST_TARGET_NAME = MySecondApp;
			};
			name = Debug;
		};
		C637891828C5DCDD009E9095 /* Release */ = {
			isa = XCBuildConfiguration;
			buildSettings = {
				ALWAYS_EMBED_SWIFT_STANDARD_LIBRARIES = YES;
				CODE_SIGN_STYLE = Automatic;
				CURRENT_PROJECT_VERSION = 1;
				DEVELOPMENT_TEAM = 69M4234YMH;
				GENERATE_INFOPLIST_FILE = YES;
				MARKETING_VERSION = 1.0;
				PRODUCT_BUNDLE_IDENTIFIER = com.bas.MySecondAppUITests;
				PRODUCT_NAME = "$(TARGET_NAME)";
				SWIFT_EMIT_LOC_STRINGS = NO;
				SWIFT_VERSION = 5.0;
				TARGETED_DEVICE_FAMILY = "1,2";
				TEST_TARGET_NAME = MySecondApp;
			};
			name = Release;
		};
/* End XCBuildConfiguration section */

/* Begin XCConfigurationList section */
		C63788E728C5DCDB009E9095 /* Build configuration list for PBXProject "MySecondApp" */ = {
			isa = XCConfigurationList;
			buildConfigurations = (
				C637890E28C5DCDD009E9095 /* Debug */,
				C637890F28C5DCDD009E9095 /* Release */,
			);
			defaultConfigurationIsVisible = 0;
			defaultConfigurationName = Release;
		};
		C637891028C5DCDD009E9095 /* Build configuration list for PBXNativeTarget "MySecondApp" */ = {
			isa = XCConfigurationList;
			buildConfigurations = (
				C637891128C5DCDD009E9095 /* Debug */,
				C637891228C5DCDD009E9095 /* Release */,
			);
			defaultConfigurationIsVisible = 0;
			defaultConfigurationName = Release;
		};
		C637891328C5DCDD009E9095 /* Build configuration list for PBXNativeTarget "MySecondAppTests" */ = {
			isa = XCConfigurationList;
			buildConfigurations = (
				C637891428C5DCDD009E9095 /* Debug */,
				C637891528C5DCDD009E9095 /* Release */,
			);
			defaultConfigurationIsVisible = 0;
			defaultConfigurationName = Release;
		};
		C637891628C5DCDD009E9095 /* Build configuration list for PBXNativeTarget "MySecondAppUITests" */ = {
			isa = XCConfigurationList;
			buildConfigurations = (
				C637891728C5DCDD009E9095 /* Debug */,
				C637891828C5DCDD009E9095 /* Release */,
			);
			defaultConfigurationIsVisible = 0;
			defaultConfigurationName = Release;
		};
/* End XCConfigurationList section */
	};
	rootObject = C63788E428C5DCDB009E9095 /* Project object */;
}
